<?xml version="1.0" encoding="utf-8"?>
<Project ToolsVersion="4.0" xmlns="http://schemas.microsoft.com/developer/msbuild/2003">
  <ItemGroup>
    <Filter Include="Source Files">
      <UniqueIdentifier>{4FC737F1-C7A5-4376-A066-2A32D752A2FF}</UniqueIdentifier>
      <Extensions>cpp;c;cc;cxx;def;odl;idl;hpj;bat;asm;asmx</Extensions>
    </Filter>
    <Filter Include="Header Files">
      <UniqueIdentifier>{93995380-89BD-4b04-88EB-625FBE52EBFB}</UniqueIdentifier>
      <Extensions>h;hh;hpp;hxx;hm;inl;inc;xsd</Extensions>
    </Filter>
    <Filter Include="Resource Files">
      <UniqueIdentifier>{67DA6AB6-F800-4c08-8B7A-83BB121AAD01}</UniqueIdentifier>
      <Extensions>qrc;rc;ico;cur;bmp;dlg;rc2;rct;bin;rgs;gif;jpg;jpeg;jpe;resx;tiff;tif;png;wav;mfcribbon-ms</Extensions>
    </Filter>
    <Filter Include="Translation Files">
      <UniqueIdentifier>{639EADAA-A684-42e4-A9AD-28FC9BCB8F7C}</UniqueIdentifier>
      <Extensions>ts</Extensions>
    </Filter>
  </ItemGroup>
  <ItemGroup>
    <ClCompile Include="main.cpp">
      <Filter>Source Files</Filter>
    </ClCompile>
    <ClCompile Include="Reader.cpp">
      <Filter>Source Files</Filter>
    </ClCompile>
    <ClCompile Include="AllValuesSingleton.cpp">
      <Filter>Source Files</Filter>
    </ClCompile>
    <ClCompile Include="Arduino.cpp">
      <Filter>Source Files</Filter>
    </ClCompile>
    <ClCompile Include="Conveyor.cpp">
      <Filter>Source Files</Filter>
    </ClCompile>
    <ClCompile Include="Cylinder.cpp">
      <Filter>Source Files</Filter>
    </ClCompile>
    <ClCompile Include="Elevator.cpp">
      <Filter>Source Files</Filter>
    </ClCompile>
    <ClCompile Include="ManageConvoy.cpp">
      <Filter>Source Files</Filter>
    </ClCompile>
    <ClCompile Include="MonMagnifiqueThread.cpp">
      <Filter>Source Files</Filter>
    </ClCompile>
    <ClCompile Include="qmodbustcpclient.cpp">
      <Filter>Source Files</Filter>
    </ClCompile>
    <ClCompile Include="readerSensor.cpp">
      <Filter>Source Files</Filter>
    </ClCompile>
  </ItemGroup>
  <ItemGroup>
    <QtMoc Include="Reader.h">
      <Filter>Header Files</Filter>
    </QtMoc>
    <QtMoc Include="AllValuesSingleton.h">
      <Filter>Header Files</Filter>
    </QtMoc>
    <QtMoc Include="Arduino.h">
      <Filter>Header Files</Filter>
    </QtMoc>
    <QtMoc Include="Conveyor.h">
      <Filter>Header Files</Filter>
    </QtMoc>
    <QtMoc Include="Cylinder.h">
      <Filter>Header Files</Filter>
    </QtMoc>
    <QtMoc Include="Elevator.h">
      <Filter>Header Files</Filter>
    </QtMoc>
    <QtMoc Include="ManageConvoy.h">
      <Filter>Header Files</Filter>
    </QtMoc>
    <QtMoc Include="MonMagnifiqueThread.h">
      <Filter>Header Files</Filter>
    </QtMoc>
    <QtMoc Include="qmodbustcpclient.h">
      <Filter>Header Files</Filter>
    </QtMoc>
  </ItemGroup>
  <ItemGroup>
    <ClInclude Include="readerSensor.h">
      <Filter>Header Files</Filter>
    </ClInclude>
  </ItemGroup>
</Project>